
Microsoft Visual Studio Solution File, Format Version 12.00
# Visual Studio Version 17
VisualStudioVersion = 17.7.34031.279
MinimumVisualStudioVersion = 10.0.40219.1
Project("{FAE04EC0-301F-11D3-BF4B-00C04F79EFBC}") = "CapaPresentacion", "CapaPresentacion\CapaPresentacion.csproj", "{42F3CC49-9F33-42E1-8589-3E36CB8B7A46}"
EndProject
Project("{FAE04EC0-301F-11D3-BF4B-00C04F79EFBC}") = "CapaDatos", "CapaDatos\CapaDatos.csproj", "{B77B5261-4295-44E4-A5E6-C8F95299B34B}"
EndProject
Project("{FAE04EC0-301F-11D3-BF4B-00C04F79EFBC}") = "CapaNegocio", "CapaNegocio\CapaNegocio.csproj", "{1A3432BC-9F33-4AC9-B773-818376A2B95F}"
EndProject
Project("{FAE04EC0-301F-11D3-BF4B-00C04F79EFBC}") = "CapaModelo", "CapaModelo\CapaModelo.csproj", "{FB9C9CDD-5D41-4744-BEC8-C5F447AC3144}"
EndProject
Global
	GlobalSection(SolutionConfigurationPlatforms) = preSolution
		Debug|Any CPU = Debug|Any CPU
		Release|Any CPU = Release|Any CPU
	EndGlobalSection
	GlobalSection(ProjectConfigurationPlatforms) = postSolution
		{42F3CC49-9F33-42E1-8589-3E36CB8B7A46}.Debug|Any CPU.ActiveCfg = Debug|Any CPU
		{42F3CC49-9F33-42E1-8589-3E36CB8B7A46}.Debug|Any CPU.Build.0 = Debug|Any CPU
		{42F3CC49-9F33-42E1-8589-3E36CB8B7A46}.Release|Any CPU.ActiveCfg = Release|Any CPU
		{42F3CC49-9F33-42E1-8589-3E36CB8B7A46}.Release|Any CPU.Build.0 = Release|Any CPU
		{B77B5261-4295-44E4-A5E6-C8F95299B34B}.Debug|Any CPU.ActiveCfg = Debug|Any CPU
		{B77B5261-4295-44E4-A5E6-C8F95299B34B}.Debug|Any CPU.Build.0 = Debug|Any CPU
		{B77B5261-4295-44E4-A5E6-C8F95299B34B}.Release|Any CPU.ActiveCfg = Release|Any CPU
		{B77B5261-4295-44E4-A5E6-C8F95299B34B}.Release|Any CPU.Build.0 = Release|Any CPU
		{1A3432BC-9F33-4AC9-B773-818376A2B95F}.Debug|Any CPU.ActiveCfg = Debug|Any CPU
		{1A3432BC-9F33-4AC9-B773-818376A2B95F}.Debug|Any CPU.Build.0 = Debug|Any CPU
		{1A3432BC-9F33-4AC9-B773-818376A2B95F}.Release|Any CPU.ActiveCfg = Release|Any CPU
		{1A3432BC-9F33-4AC9-B773-818376A2B95F}.Release|Any CPU.Build.0 = Release|Any CPU
		{FB9C9CDD-5D41-4744-BEC8-C5F447AC3144}.Debug|Any CPU.ActiveCfg = Debug|Any CPU
		{FB9C9CDD-5D41-4744-BEC8-C5F447AC3144}.Debug|Any CPU.Build.0 = Debug|Any CPU
		{FB9C9CDD-5D41-4744-BEC8-C5F447AC3144}.Release|Any CPU.ActiveCfg = Release|Any CPU
		{FB9C9CDD-5D41-4744-BEC8-C5F447AC3144}.Release|Any CPU.Build.0 = Release|Any CPU
	EndGlobalSection
	GlobalSection(SolutionProperties) = preSolution
		HideSolutionNode = FALSE
	EndGlobalSection
	GlobalSection(ExtensibilityGlobals) = postSolution
		SolutionGuid = {8F19D8A4-0725-4DB5-8CC3-AC04420249FC}
	EndGlobalSection
EndGlobal
